
Microsoft Visual Studio Solution File, Format Version 12.00
# Visual Studio 15
VisualStudioVersion = 15.0.28307.168
MinimumVisualStudioVersion = 10.0.40219.1
Project("{FAE04EC0-301F-11D3-BF4B-00C04F79EFBC}") = "CarPerfect", "CarPerfect.csproj", "{B1F16F23-2BFB-4862-A4F4-66D0D2E5BA2E}"
EndProject
Global
	GlobalSection(SolutionConfigurationPlatforms) = preSolution
		Debug|Any CPU = Debug|Any CPU
		Release|Any CPU = Release|Any CPU
	EndGlobalSection
	GlobalSection(ProjectConfigurationPlatforms) = postSolution
		{B1F16F23-2BFB-4862-A4F4-66D0D2E5BA2E}.Debug|Any CPU.ActiveCfg = Debug|Any CPU
		{B1F16F23-2BFB-4862-A4F4-66D0D2E5BA2E}.Debug|Any CPU.Build.0 = Debug|Any CPU
		{B1F16F23-2BFB-4862-A4F4-66D0D2E5BA2E}.Release|Any CPU.ActiveCfg = Release|Any CPU
		{B1F16F23-2BFB-4862-A4F4-66D0D2E5BA2E}.Release|Any CPU.Build.0 = Release|Any CPU
	EndGlobalSection
	GlobalSection(SolutionProperties) = preSolution
		HideSolutionNode = FALSE
	EndGlobalSection
	GlobalSection(ExtensibilityGlobals) = postSolution
		SolutionGuid = {5357835B-2EE7-4847-8024-5C2D0397959F}
	EndGlobalSection
EndGlobal
